
Microsoft Visual Studio Solution File, Format Version 12.00
# Visual Studio Version 17
VisualStudioVersion = 17.0.31912.275
MinimumVisualStudioVersion = 10.0.40219.1
Project("{9A19103F-16F7-4668-BE54-9A1E7A4F7556}") = "SantasToolbox", "SantasToolbox\SantasToolbox.csproj", "{460D6357-486B-48A0-A952-A7015BFCB906}"
EndProject
Project("{9A19103F-16F7-4668-BE54-9A1E7A4F7556}") = "SantasToolBoxTests", "SantasToolBoxTests\SantasToolBoxTests.csproj", "{29B87691-90DB-41C8-9D19-4B8EE5D9741C}"
EndProject
Project("{9A19103F-16F7-4668-BE54-9A1E7A4F7556}") = "Day_Template", "Day_Template\Day_Template.csproj", "{5BDABAFF-024D-45D2-BEF1-82AA17850418}"
EndProject
Project("{FAE04EC0-301F-11D3-BF4B-00C04F79EFBC}") = "Day_1", "Day_1\Day_1.csproj", "{7F795122-3C72-4F3D-8710-D908ABECA723}"
EndProject
Project("{FAE04EC0-301F-11D3-BF4B-00C04F79EFBC}") = "Day_2", "Day_2\Day_2.csproj", "{109BD753-3A1F-4A59-A03F-F46DB01D3EB2}"
EndProject
Project("{FAE04EC0-301F-11D3-BF4B-00C04F79EFBC}") = "Day_3", "Day_3\Day_3.csproj", "{AAF119DF-B788-4E44-9138-E0A3837AACC4}"
EndProject
Project("{FAE04EC0-301F-11D3-BF4B-00C04F79EFBC}") = "Day_4", "Day_4\Day_4.csproj", "{63D6E06B-8F13-4FD0-BEC8-98C233C597F5}"
EndProject
Project("{FAE04EC0-301F-11D3-BF4B-00C04F79EFBC}") = "Day_5", "Day_5\Day_5.csproj", "{BF4BA0B1-6C34-4C2E-8E8E-5FB849BB63BD}"
EndProject
Project("{FAE04EC0-301F-11D3-BF4B-00C04F79EFBC}") = "Day_6", "Day_6\Day_6.csproj", "{D2FBFBD4-8492-4348-813C-076DB7099933}"
EndProject
Project("{FAE04EC0-301F-11D3-BF4B-00C04F79EFBC}") = "Day_7", "Day_7\Day_7.csproj", "{901BB872-CA7E-4E70-B39F-3DA01C5F2993}"
EndProject
Project("{FAE04EC0-301F-11D3-BF4B-00C04F79EFBC}") = "Day_8", "Day_8\Day_8.csproj", "{2A897D76-190A-4946-8FD3-2598BC215FFE}"
EndProject
Global
	GlobalSection(SolutionConfigurationPlatforms) = preSolution
		Debug|Any CPU = Debug|Any CPU
		Debug|x64 = Debug|x64
		Debug|x86 = Debug|x86
		Release|Any CPU = Release|Any CPU
		Release|x64 = Release|x64
		Release|x86 = Release|x86
	EndGlobalSection
	GlobalSection(ProjectConfigurationPlatforms) = postSolution
		{460D6357-486B-48A0-A952-A7015BFCB906}.Debug|Any CPU.ActiveCfg = Debug|Any CPU
		{460D6357-486B-48A0-A952-A7015BFCB906}.Debug|Any CPU.Build.0 = Debug|Any CPU
		{460D6357-486B-48A0-A952-A7015BFCB906}.Debug|x64.ActiveCfg = Debug|Any CPU
		{460D6357-486B-48A0-A952-A7015BFCB906}.Debug|x64.Build.0 = Debug|Any CPU
		{460D6357-486B-48A0-A952-A7015BFCB906}.Debug|x86.ActiveCfg = Debug|Any CPU
		{460D6357-486B-48A0-A952-A7015BFCB906}.Debug|x86.Build.0 = Debug|Any CPU
		{460D6357-486B-48A0-A952-A7015BFCB906}.Release|Any CPU.ActiveCfg = Release|Any CPU
		{460D6357-486B-48A0-A952-A7015BFCB906}.Release|Any CPU.Build.0 = Release|Any CPU
		{460D6357-486B-48A0-A952-A7015BFCB906}.Release|x64.ActiveCfg = Release|Any CPU
		{460D6357-486B-48A0-A952-A7015BFCB906}.Release|x64.Build.0 = Release|Any CPU
		{460D6357-486B-48A0-A952-A7015BFCB906}.Release|x86.ActiveCfg = Release|Any CPU
		{460D6357-486B-48A0-A952-A7015BFCB906}.Release|x86.Build.0 = Release|Any CPU
		{29B87691-90DB-41C8-9D19-4B8EE5D9741C}.Debug|Any CPU.ActiveCfg = Debug|Any CPU
		{29B87691-90DB-41C8-9D19-4B8EE5D9741C}.Debug|Any CPU.Build.0 = Debug|Any CPU
		{29B87691-90DB-41C8-9D19-4B8EE5D9741C}.Debug|x64.ActiveCfg = Debug|Any CPU
		{29B87691-90DB-41C8-9D19-4B8EE5D9741C}.Debug|x64.Build.0 = Debug|Any CPU
		{29B87691-90DB-41C8-9D19-4B8EE5D9741C}.Debug|x86.ActiveCfg = Debug|Any CPU
		{29B87691-90DB-41C8-9D19-4B8EE5D9741C}.Debug|x86.Build.0 = Debug|Any CPU
		{29B87691-90DB-41C8-9D19-4B8EE5D9741C}.Release|Any CPU.ActiveCfg = Release|Any CPU
		{29B87691-90DB-41C8-9D19-4B8EE5D9741C}.Release|Any CPU.Build.0 = Release|Any CPU
		{29B87691-90DB-41C8-9D19-4B8EE5D9741C}.Release|x64.ActiveCfg = Release|Any CPU
		{29B87691-90DB-41C8-9D19-4B8EE5D9741C}.Release|x64.Build.0 = Release|Any CPU
		{29B87691-90DB-41C8-9D19-4B8EE5D9741C}.Release|x86.ActiveCfg = Release|Any CPU
		{29B87691-90DB-41C8-9D19-4B8EE5D9741C}.Release|x86.Build.0 = Release|Any CPU
		{5BDABAFF-024D-45D2-BEF1-82AA17850418}.Debug|Any CPU.ActiveCfg = Debug|Any CPU
		{5BDABAFF-024D-45D2-BEF1-82AA17850418}.Debug|Any CPU.Build.0 = Debug|Any CPU
		{5BDABAFF-024D-45D2-BEF1-82AA17850418}.Debug|x64.ActiveCfg = Debug|Any CPU
		{5BDABAFF-024D-45D2-BEF1-82AA17850418}.Debug|x64.Build.0 = Debug|Any CPU
		{5BDABAFF-024D-45D2-BEF1-82AA17850418}.Debug|x86.ActiveCfg = Debug|Any CPU
		{5BDABAFF-024D-45D2-BEF1-82AA17850418}.Debug|x86.Build.0 = Debug|Any CPU
		{5BDABAFF-024D-45D2-BEF1-82AA17850418}.Release|Any CPU.ActiveCfg = Release|Any CPU
		{5BDABAFF-024D-45D2-BEF1-82AA17850418}.Release|Any CPU.Build.0 = Release|Any CPU
		{5BDABAFF-024D-45D2-BEF1-82AA17850418}.Release|x64.ActiveCfg = Release|Any CPU
		{5BDABAFF-024D-45D2-BEF1-82AA17850418}.Release|x64.Build.0 = Release|Any CPU
		{5BDABAFF-024D-45D2-BEF1-82AA17850418}.Release|x86.ActiveCfg = Release|Any CPU
		{5BDABAFF-024D-45D2-BEF1-82AA17850418}.Release|x86.Build.0 = Release|Any CPU
		{7F795122-3C72-4F3D-8710-D908ABECA723}.Debug|Any CPU.ActiveCfg = Debug|Any CPU
		{7F795122-3C72-4F3D-8710-D908ABECA723}.Debug|Any CPU.Build.0 = Debug|Any CPU
		{7F795122-3C72-4F3D-8710-D908ABECA723}.Debug|x64.ActiveCfg = Debug|Any CPU
		{7F795122-3C72-4F3D-8710-D908ABECA723}.Debug|x64.Build.0 = Debug|Any CPU
		{7F795122-3C72-4F3D-8710-D908ABECA723}.Debug|x86.ActiveCfg = Debug|Any CPU
		{7F795122-3C72-4F3D-8710-D908ABECA723}.Debug|x86.Build.0 = Debug|Any CPU
		{7F795122-3C72-4F3D-8710-D908ABECA723}.Release|Any CPU.ActiveCfg = Release|Any CPU
		{7F795122-3C72-4F3D-8710-D908ABECA723}.Release|Any CPU.Build.0 = Release|Any CPU
		{7F795122-3C72-4F3D-8710-D908ABECA723}.Release|x64.ActiveCfg = Release|Any CPU
		{7F795122-3C72-4F3D-8710-D908ABECA723}.Release|x64.Build.0 = Release|Any CPU
		{7F795122-3C72-4F3D-8710-D908ABECA723}.Release|x86.ActiveCfg = Release|Any CPU
		{7F795122-3C72-4F3D-8710-D908ABECA723}.Release|x86.Build.0 = Release|Any CPU
		{109BD753-3A1F-4A59-A03F-F46DB01D3EB2}.Debug|Any CPU.ActiveCfg = Debug|Any CPU
		{109BD753-3A1F-4A59-A03F-F46DB01D3EB2}.Debug|Any CPU.Build.0 = Debug|Any CPU
		{109BD753-3A1F-4A59-A03F-F46DB01D3EB2}.Debug|x64.ActiveCfg = Debug|Any CPU
		{109BD753-3A1F-4A59-A03F-F46DB01D3EB2}.Debug|x64.Build.0 = Debug|Any CPU
		{109BD753-3A1F-4A59-A03F-F46DB01D3EB2}.Debug|x86.ActiveCfg = Debug|Any CPU
		{109BD753-3A1F-4A59-A03F-F46DB01D3EB2}.Debug|x86.Build.0 = Debug|Any CPU
		{109BD753-3A1F-4A59-A03F-F46DB01D3EB2}.Release|Any CPU.ActiveCfg = Release|Any CPU
		{109BD753-3A1F-4A59-A03F-F46DB01D3EB2}.Release|Any CPU.Build.0 = Release|Any CPU
		{109BD753-3A1F-4A59-A03F-F46DB01D3EB2}.Release|x64.ActiveCfg = Release|Any CPU
		{109BD753-3A1F-4A59-A03F-F46DB01D3EB2}.Release|x64.Build.0 = Release|Any CPU
		{109BD753-3A1F-4A59-A03F-F46DB01D3EB2}.Release|x86.ActiveCfg = Release|Any CPU
		{109BD753-3A1F-4A59-A03F-F46DB01D3EB2}.Release|x86.Build.0 = Release|Any CPU
		{AAF119DF-B788-4E44-9138-E0A3837AACC4}.Debug|Any CPU.ActiveCfg = Debug|Any CPU
		{AAF119DF-B788-4E44-9138-E0A3837AACC4}.Debug|Any CPU.Build.0 = Debug|Any CPU
		{AAF119DF-B788-4E44-9138-E0A3837AACC4}.Debug|x64.ActiveCfg = Debug|Any CPU
		{AAF119DF-B788-4E44-9138-E0A3837AACC4}.Debug|x64.Build.0 = Debug|Any CPU
		{AAF119DF-B788-4E44-9138-E0A3837AACC4}.Debug|x86.ActiveCfg = Debug|Any CPU
		{AAF119DF-B788-4E44-9138-E0A3837AACC4}.Debug|x86.Build.0 = Debug|Any CPU
		{AAF119DF-B788-4E44-9138-E0A3837AACC4}.Release|Any CPU.ActiveCfg = Release|Any CPU
		{AAF119DF-B788-4E44-9138-E0A3837AACC4}.Release|Any CPU.Build.0 = Release|Any CPU
		{AAF119DF-B788-4E44-9138-E0A3837AACC4}.Release|x64.ActiveCfg = Release|Any CPU
		{AAF119DF-B788-4E44-9138-E0A3837AACC4}.Release|x64.Build.0 = Release|Any CPU
		{AAF119DF-B788-4E44-9138-E0A3837AACC4}.Release|x86.ActiveCfg = Release|Any CPU
		{AAF119DF-B788-4E44-9138-E0A3837AACC4}.Release|x86.Build.0 = Release|Any CPU
		{63D6E06B-8F13-4FD0-BEC8-98C233C597F5}.Debug|Any CPU.ActiveCfg = Debug|Any CPU
		{63D6E06B-8F13-4FD0-BEC8-98C233C597F5}.Debug|Any CPU.Build.0 = Debug|Any CPU
		{63D6E06B-8F13-4FD0-BEC8-98C233C597F5}.Debug|x64.ActiveCfg = Debug|Any CPU
		{63D6E06B-8F13-4FD0-BEC8-98C233C597F5}.Debug|x64.Build.0 = Debug|Any CPU
		{63D6E06B-8F13-4FD0-BEC8-98C233C597F5}.Debug|x86.ActiveCfg = Debug|Any CPU
		{63D6E06B-8F13-4FD0-BEC8-98C233C597F5}.Debug|x86.Build.0 = Debug|Any CPU
		{63D6E06B-8F13-4FD0-BEC8-98C233C597F5}.Release|Any CPU.ActiveCfg = Release|Any CPU
		{63D6E06B-8F13-4FD0-BEC8-98C233C597F5}.Release|Any CPU.Build.0 = Release|Any CPU
		{63D6E06B-8F13-4FD0-BEC8-98C233C597F5}.Release|x64.ActiveCfg = Release|Any CPU
		{63D6E06B-8F13-4FD0-BEC8-98C233C597F5}.Release|x64.Build.0 = Release|Any CPU
		{63D6E06B-8F13-4FD0-BEC8-98C233C597F5}.Release|x86.ActiveCfg = Release|Any CPU
		{63D6E06B-8F13-4FD0-BEC8-98C233C597F5}.Release|x86.Build.0 = Release|Any CPU
		{BF4BA0B1-6C34-4C2E-8E8E-5FB849BB63BD}.Debug|Any CPU.ActiveCfg = Debug|Any CPU
		{BF4BA0B1-6C34-4C2E-8E8E-5FB849BB63BD}.Debug|Any CPU.Build.0 = Debug|Any CPU
		{BF4BA0B1-6C34-4C2E-8E8E-5FB849BB63BD}.Debug|x64.ActiveCfg = Debug|Any CPU
		{BF4BA0B1-6C34-4C2E-8E8E-5FB849BB63BD}.Debug|x64.Build.0 = Debug|Any CPU
		{BF4BA0B1-6C34-4C2E-8E8E-5FB849BB63BD}.Debug|x86.ActiveCfg = Debug|Any CPU
		{BF4BA0B1-6C34-4C2E-8E8E-5FB849BB63BD}.Debug|x86.Build.0 = Debug|Any CPU
		{BF4BA0B1-6C34-4C2E-8E8E-5FB849BB63BD}.Release|Any CPU.ActiveCfg = Release|Any CPU
		{BF4BA0B1-6C34-4C2E-8E8E-5FB849BB63BD}.Release|Any CPU.Build.0 = Release|Any CPU
		{BF4BA0B1-6C34-4C2E-8E8E-5FB849BB63BD}.Release|x64.ActiveCfg = Release|Any CPU
		{BF4BA0B1-6C34-4C2E-8E8E-5FB849BB63BD}.Release|x64.Build.0 = Release|Any CPU
		{BF4BA0B1-6C34-4C2E-8E8E-5FB849BB63BD}.Release|x86.ActiveCfg = Release|Any CPU
		{BF4BA0B1-6C34-4C2E-8E8E-5FB849BB63BD}.Release|x86.Build.0 = Release|Any CPU
		{D2FBFBD4-8492-4348-813C-076DB7099933}.Debug|Any CPU.ActiveCfg = Debug|Any CPU
		{D2FBFBD4-8492-4348-813C-076DB7099933}.Debug|Any CPU.Build.0 = Debug|Any CPU
		{D2FBFBD4-8492-4348-813C-076DB7099933}.Debug|x64.ActiveCfg = Debug|Any CPU
		{D2FBFBD4-8492-4348-813C-076DB7099933}.Debug|x64.Build.0 = Debug|Any CPU
		{D2FBFBD4-8492-4348-813C-076DB7099933}.Debug|x86.ActiveCfg = Debug|Any CPU
		{D2FBFBD4-8492-4348-813C-076DB7099933}.Debug|x86.Build.0 = Debug|Any CPU
		{D2FBFBD4-8492-4348-813C-076DB7099933}.Release|Any CPU.ActiveCfg = Release|Any CPU
		{D2FBFBD4-8492-4348-813C-076DB7099933}.Release|Any CPU.Build.0 = Release|Any CPU
		{D2FBFBD4-8492-4348-813C-076DB7099933}.Release|x64.ActiveCfg = Release|Any CPU
		{D2FBFBD4-8492-4348-813C-076DB7099933}.Release|x64.Build.0 = Release|Any CPU
		{D2FBFBD4-8492-4348-813C-076DB7099933}.Release|x86.ActiveCfg = Release|Any CPU
		{D2FBFBD4-8492-4348-813C-076DB7099933}.Release|x86.Build.0 = Release|Any CPU
		{901BB872-CA7E-4E70-B39F-3DA01C5F2993}.Debug|Any CPU.ActiveCfg = Debug|Any CPU
		{901BB872-CA7E-4E70-B39F-3DA01C5F2993}.Debug|Any CPU.Build.0 = Debug|Any CPU
		{901BB872-CA7E-4E70-B39F-3DA01C5F2993}.Debug|x64.ActiveCfg = Debug|Any CPU
		{901BB872-CA7E-4E70-B39F-3DA01C5F2993}.Debug|x64.Build.0 = Debug|Any CPU
		{901BB872-CA7E-4E70-B39F-3DA01C5F2993}.Debug|x86.ActiveCfg = Debug|Any CPU
		{901BB872-CA7E-4E70-B39F-3DA01C5F2993}.Debug|x86.Build.0 = Debug|Any CPU
		{901BB872-CA7E-4E70-B39F-3DA01C5F2993}.Release|Any CPU.ActiveCfg = Release|Any CPU
		{901BB872-CA7E-4E70-B39F-3DA01C5F2993}.Release|Any CPU.Build.0 = Release|Any CPU
		{901BB872-CA7E-4E70-B39F-3DA01C5F2993}.Release|x64.ActiveCfg = Release|Any CPU
		{901BB872-CA7E-4E70-B39F-3DA01C5F2993}.Release|x64.Build.0 = Release|Any CPU
		{901BB872-CA7E-4E70-B39F-3DA01C5F2993}.Release|x86.ActiveCfg = Release|Any CPU
		{901BB872-CA7E-4E70-B39F-3DA01C5F2993}.Release|x86.Build.0 = Release|Any CPU
		{2A897D76-190A-4946-8FD3-2598BC215FFE}.Debug|Any CPU.ActiveCfg = Debug|Any CPU
		{2A897D76-190A-4946-8FD3-2598BC215FFE}.Debug|Any CPU.Build.0 = Debug|Any CPU
		{2A897D76-190A-4946-8FD3-2598BC215FFE}.Debug|x64.ActiveCfg = Debug|Any CPU
		{2A897D76-190A-4946-8FD3-2598BC215FFE}.Debug|x64.Build.0 = Debug|Any CPU
		{2A897D76-190A-4946-8FD3-2598BC215FFE}.Debug|x86.ActiveCfg = Debug|Any CPU
		{2A897D76-190A-4946-8FD3-2598BC215FFE}.Debug|x86.Build.0 = Debug|Any CPU
		{2A897D76-190A-4946-8FD3-2598BC215FFE}.Release|Any CPU.ActiveCfg = Release|Any CPU
		{2A897D76-190A-4946-8FD3-2598BC215FFE}.Release|Any CPU.Build.0 = Release|Any CPU
		{2A897D76-190A-4946-8FD3-2598BC215FFE}.Release|x64.ActiveCfg = Release|Any CPU
		{2A897D76-190A-4946-8FD3-2598BC215FFE}.Release|x64.Build.0 = Release|Any CPU
		{2A897D76-190A-4946-8FD3-2598BC215FFE}.Release|x86.ActiveCfg = Release|Any CPU
		{2A897D76-190A-4946-8FD3-2598BC215FFE}.Release|x86.Build.0 = Release|Any CPU
	EndGlobalSection
	GlobalSection(SolutionProperties) = preSolution
		HideSolutionNode = FALSE
	EndGlobalSection
	GlobalSection(ExtensibilityGlobals) = postSolution
		SolutionGuid = {35EB43F3-B1F9-4A6B-B82C-3D9C5C45678E}
	EndGlobalSection
EndGlobal
